github.com/CovenantSQL/go-sqlite3-encrypt v1.9.0 h1:GPtIZW4KZhul21SrmmpgUCx+wEPhnFlzOceTtzMypzs=
github.com/CovenantSQL/go-sqlite3-encrypt v1.9.0/go.mod h1:EH9sjhhyDGHNIj/Wx59f7CURbVp1C1x/eRVi07WPsvg=
github.com/mattn/go-sqlite3 v1.14.18 h1:JL0eqdCOq6DJVNPSvArO/bIV9/P7fbGrV00LZHc+5aI=
github.com/mattn/go-sqlite3 v1.14.18/go.mod h1:2eHXhiwb8IkHr+BDWZGa96P6+rkvnG63S2DGjv9HUNg=
